// !$*UTF8*$!
{
	archiveVersion = 1;
	classes = {
	};
	objectVersion = 77;
	objects = {

/* Begin PBXBuildFile section */
		1F8DFE182FBE2177004B551C /* FirebaseAI in Frameworks */ = {isa = PBXBuildFile; productRef = 1F8DFE172FBE2177004B551C /* FirebaseAI */; };
		1F8DFE1A2FBE2177004B551C /* FirebaseAnalytics in Frameworks */ = {isa = PBXBuildFile; productRef = 1F8DFE192FBE2177004B551C /* FirebaseAnalytics */; };
		1F8DFE1C2FBE2177004B551C /* FirebaseAnalyticsCore in Frameworks */ = {isa = PBXBuildFile; productRef = 1F8DFE1B2FBE2177004B551C /* FirebaseAnalyticsCore */; };
		1F8DFE1E2FBE2177004B551C /* FirebaseAppCheck in Frameworks */ = {isa = PBXBuildFile; productRef = 1F8DFE1D2FBE2177004B551C /* FirebaseAppCheck */; };
		1F8DFE202FBE2177004B551C /* FirebaseAuth in Frameworks */ = {isa = PBXBuildFile; productRef = 1F8DFE1F2FBE2177004B551C /* FirebaseAuth */; };
		1F8DFE222FBE2177004B551C /* FirebaseCore in Frameworks */ = {isa = PBXBuildFile; productRef = 1F8DFE212FBE2177004B551C /* FirebaseCore */; };
		1F8DFE242FBE2177004B551C /* FirebaseCrashlytics in Frameworks */ = {isa = PBXBuildFile; productRef = 1F8DFE232FBE2177004B551C /* FirebaseCrashlytics */; };
		1F8DFE262FBE2177004B551C /* FirebaseFirestore in Frameworks */ = {isa = PBXBuildFile; productRef = 1F8DFE252FBE2177004B551C /* FirebaseFirestore */; };
		1F8DFE282FBE2177004B551C /* FirebaseMessaging in Frameworks */ = {isa = PBXBuildFile; productRef = 1F8DFE272FBE2177004B551C /* FirebaseMessaging */; };
		1F8DFE2A2FBE2177004B551C /* FirebaseRemoteConfig in Frameworks */ = {isa = PBXBuildFile; productRef = 1F8DFE292FBE2177004B551C /* FirebaseRemoteConfig */; };
		1F8DFE2C2FBE2177004B551C /* FirebaseStorage in Frameworks */ = {isa = PBXBuildFile; productRef = 1F8DFE2B2FBE2177004B551C /* FirebaseStorage */; };
/* End PBXBuildFile section */

/* Begin PBXFileReference section */
		E2EBA07625D973F056E02DDE /* MintMind.app */ = {isa = PBXFileReference; explicitFileType = wrapper.application; includeInIndex = 0; path = MintMind.app; sourceTree = BUILT_PRODUCTS_DIR; };
/* End PBXFileReference section */

/* Begin PBXFileSystemSynchronizedBuildFileExceptionSet section */
		27CEE7E381ADE446AE88367E /* Exceptions for "iosApp" folder in "iosApp" target */ = {
			isa = PBXFileSystemSynchronizedBuildFileExceptionSet;
			membershipExceptions = (
				Info.plist,
			);
			target = 9BA8FA5DD9B9830966AFDFC9 /* iosApp */;
		};
/* End PBXFileSystemSynchronizedBuildFileExceptionSet section */

/* Begin PBXFileSystemSynchronizedRootGroup section */
		259064D1AF734BC56A342B5F /* iosApp */ = {
			isa = PBXFileSystemSynchronizedRootGroup;
			exceptions = (
				27CEE7E381ADE446AE88367E /* Exceptions for "iosApp" folder in "iosApp" target */,
			);
			path = iosApp;
			sourceTree = "<group>";
		};
		9223C7F707DF27CC63F2A485 /* Configuration */ = {
			isa = PBXFileSystemSynchronizedRootGroup;
			path = Configuration;
			sourceTree = "<group>";
		};
/* End PBXFileSystemSynchronizedRootGroup section */

/* Begin PBXFrameworksBuildPhase section */
		537500371A309E95D19A785F /* Frameworks */ = {
			isa = PBXFrameworksBuildPhase;
			buildActionMask = 2147483647;
			files = (
				1F8DFE282FBE2177004B551C /* FirebaseMessaging in Frameworks */,
				1F8DFE1E2FBE2177004B551C /* FirebaseAppCheck in Frameworks */,
				1F8DFE202FBE2177004B551C /* FirebaseAuth in Frameworks */,
				1F8DFE1A2FBE2177004B551C /* FirebaseAnalytics in Frameworks */,
				1F8DFE242FBE2177004B551C /* FirebaseCrashlytics in Frameworks */,
				1F8DFE1C2FBE2177004B551C /* FirebaseAnalyticsCore in Frameworks */,
				1F8DFE262FBE2177004B551C /* FirebaseFirestore in Frameworks */,
				1F8DFE222FBE2177004B551C /* FirebaseCore in Frameworks */,
				1F8DFE2C2FBE2177004B551C /* FirebaseStorage in Frameworks */,
				1F8DFE182FBE2177004B551C /* FirebaseAI in Frameworks */,
				1F8DFE2A2FBE2177004B551C /* FirebaseRemoteConfig in Frameworks */,
			);
			runOnlyForDeploymentPostprocessing = 0;
		};
/* End PBXFrameworksBuildPhase section */

/* Begin PBXGroup section */
		2FEDD08E2AC75F0648679A0C = {
			isa = PBXGroup;
			children = (
				9223C7F707DF27CC63F2A485 /* Configuration */,
				259064D1AF734BC56A342B5F /* iosApp */,
				68F1EBFC5359B731439FDF88 /* Products */,
			);
			sourceTree = "<group>";
		};
		68F1EBFC5359B731439FDF88 /* Products */ = {
			isa = PBXGroup;
			children = (
				E2EBA07625D973F056E02DDE /* MintMind.app */,
			);
			name = Products;
			sourceTree = "<group>";
		};
/* End PBXGroup section */

/* Begin PBXNativeTarget section */
		9BA8FA5DD9B9830966AFDFC9 /* iosApp */ = {
			isa = PBXNativeTarget;
			buildConfigurationList = 6A19D6353FAFE8FC83B63DF8 /* Build configuration list for PBXNativeTarget "iosApp" */;
			buildPhases = (
				EE37F222C907ACAA55F5F4F6 /* Compile Kotlin Framework */,
				5352A72D5E78BB972F33C3CD /* Sources */,
				537500371A309E95D19A785F /* Frameworks */,
				B6218E124B2DB48E72F4B4F5 /* Resources */,
			);
			buildRules = (
			);
			dependencies = (
			);
			fileSystemSynchronizedGroups = (
				259064D1AF734BC56A342B5F /* iosApp */,
			);
			name = iosApp;
			packageProductDependencies = (
				1F8DFE172FBE2177004B551C /* FirebaseAI */,
				1F8DFE192FBE2177004B551C /* FirebaseAnalytics */,
				1F8DFE1B2FBE2177004B551C /* FirebaseAnalyticsCore */,
				1F8DFE1D2FBE2177004B551C /* FirebaseAppCheck */,
				1F8DFE1F2FBE2177004B551C /* FirebaseAuth */,
				1F8DFE212FBE2177004B551C /* FirebaseCore */,
				1F8DFE232FBE2177004B551C /* FirebaseCrashlytics */,
				1F8DFE252FBE2177004B551C /* FirebaseFirestore */,
				1F8DFE272FBE2177004B551C /* FirebaseMessaging */,
				1F8DFE292FBE2177004B551C /* FirebaseRemoteConfig */,
				1F8DFE2B2FBE2177004B551C /* FirebaseStorage */,
			);
			productName = iosApp;
			productReference = E2EBA07625D973F056E02DDE /* MintMind.app */;
			productType = "com.apple.product-type.application";
		};
/* End PBXNativeTarget section */

/* Begin PBXProject section */
		4F0C54C0A1E6462037628846 /* Project object */ = {
			isa = PBXProject;
			attributes = {
				BuildIndependentTargetsInParallel = 1;
				LastSwiftUpdateCheck = 1620;
				LastUpgradeCheck = 1620;
				TargetAttributes = {
					9BA8FA5DD9B9830966AFDFC9 = {
						CreatedOnToolsVersion = 16.2;
					};
				};
			};
			buildConfigurationList = B97C762BF28C458BAEF7D3EF /* Build configuration list for PBXProject "iosApp" */;
			developmentRegion = en;
			hasScannedForEncodings = 0;
			knownRegions = (
				en,
				Base,
			);
			mainGroup = 2FEDD08E2AC75F0648679A0C;
			minimizedProjectReferenceProxies = 1;
			packageReferences = (
				1F8DFE162FBE2177004B551C /* XCRemoteSwiftPackageReference "firebase-ios-sdk" */,
			);
			preferredProjectObjectVersion = 77;
			productRefGroup = 68F1EBFC5359B731439FDF88 /* Products */;
			projectDirPath = "";
			projectRoot = "";
			targets = (
				9BA8FA5DD9B9830966AFDFC9 /* iosApp */,
			);
		};
/* End PBXProject section */

/* Begin PBXResourcesBuildPhase section */
		B6218E124B2DB48E72F4B4F5 /* Resources */ = {
			isa = PBXResourcesBuildPhase;
			buildActionMask = 2147483647;
			files = (
			);
			runOnlyForDeploymentPostprocessing = 0;
		};
/* End PBXResourcesBuildPhase section */

/* Begin PBXShellScriptBuildPhase section */
		EE37F222C907ACAA55F5F4F6 /* Compile Kotlin Framework */ = {
			isa = PBXShellScriptBuildPhase;
			alwaysOutOfDate = 1;
			buildActionMask = 2147483647;
			files = (
			);
			inputFileListPaths = (
			);
			inputPaths = (
			);
			name = "Compile Kotlin Framework";
			outputFileListPaths = (
			);
			outputPaths = (
			);
			runOnlyForDeploymentPostprocessing = 0;
			shellPath = /bin/sh;
			shellScript = "if [ \"YES\" = \"$OVERRIDE_KOTLIN_BUILD_IDE_SUPPORTED\" ]; then\n  echo \"Skipping Gradle build task invocation due to OVERRIDE_KOTLIN_BUILD_IDE_SUPPORTED environment variable set to \\\"YES\\\"\"\n  exit 0\nfi\ncd \"$SRCROOT/..\"\n./gradlew :shared:embedAndSignAppleFrameworkForXcode\n";
		};
/* End PBXShellScriptBuildPhase section */

/* Begin PBXSourcesBuildPhase section */
		5352A72D5E78BB972F33C3CD /* Sources */ = {
			isa = PBXSourcesBuildPhase;
			buildActionMask = 2147483647;
			files = (
			);
			runOnlyForDeploymentPostprocessing = 0;
		};
/* End PBXSourcesBuildPhase section */

/* Begin XCBuildConfiguration section */
		17F185507AE85ADA0AE7DF96 /* Debug */ = {
			isa = XCBuildConfiguration;
			baseConfigurationReferenceAnchor = 9223C7F707DF27CC63F2A485 /* Configuration */;
			baseConfigurationReferenceRelativePath = Config.xcconfig;
			buildSettings = {
				ALWAYS_SEARCH_USER_PATHS = NO;
				ASSETCATALOG_COMPILER_GENERATE_SWIFT_ASSET_SYMBOL_EXTENSIONS = YES;
				CLANG_ANALYZER_NONNULL = YES;
				CLANG_ANALYZER_NUMBER_OBJECT_CONVERSION = YES_AGGRESSIVE;
				CLANG_CXX_LANGUAGE_STANDARD = "gnu++20";
				CLANG_ENABLE_MODULES = YES;
				CLANG_ENABLE_OBJC_ARC = YES;
				CLANG_ENABLE_OBJC_WEAK = YES;
				CLANG_WARN_BLOCK_CAPTURE_AUTORELEASING = YES;
				CLANG_WARN_BOOL_CONVERSION = YES;
				CLANG_WARN_COMMA = YES;
				CLANG_WARN_CONSTANT_CONVERSION = YES;
				CLANG_WARN_DEPRECATED_OBJC_IMPLEMENTATIONS = YES;
				CLANG_WARN_DIRECT_OBJC_ISA_USAGE = YES_ERROR;
				CLANG_WARN_DOCUMENTATION_COMMENTS = YES;
				CLANG_WARN_EMPTY_BODY = YES;
				CLANG_WARN_ENUM_CONVERSION = YES;
				CLANG_WARN_INFINITE_RECURSION = YES;
				CLANG_WARN_INT_CONVERSION = YES;
				CLANG_WARN_NON_LITERAL_NULL_CONVERSION = YES;
				CLANG_WARN_OBJC_IMPLICIT_RETAIN_SELF = YES;
				CLANG_WARN_OBJC_LITERAL_CONVERSION = YES;
				CLANG_WARN_OBJC_ROOT_CLASS = YES_ERROR;
				CLANG_WARN_QUOTED_INCLUDE_IN_FRAMEWORK_HEADER = YES;
				CLANG_WARN_RANGE_LOOP_ANALYSIS = YES;
				CLANG_WARN_STRICT_PROTOTYPES = YES;
				CLANG_WARN_SUSPICIOUS_MOVE = YES;
				CLANG_WARN_UNGUARDED_AVAILABILITY = YES_AGGRESSIVE;
				CLANG_WARN_UNREACHABLE_CODE = YES;
				CLANG_WARN__DUPLICATE_METHOD_MATCH = YES;
				COPY_PHASE_STRIP = NO;
				DEBUG_INFORMATION_FORMAT = dwarf;
				ENABLE_STRICT_OBJC_MSGSEND = YES;
				ENABLE_TESTABILITY = YES;
				ENABLE_USER_SCRIPT_SANDBOXING = NO;
				GCC_C_LANGUAGE_STANDARD = gnu17;
				GCC_DYNAMIC_NO_PIC = NO;
				GCC_NO_COMMON_BLOCKS = YES;
				GCC_OPTIMIZATION_LEVEL = 0;
				GCC_PREPROCESSOR_DEFINITIONS = (
					"DEBUG=1",
					"$(inherited)",
				);
				GCC_WARN_64_TO_32_BIT_CONVERSION = YES;
				GCC_WARN_ABOUT_RETURN_TYPE = YES_ERROR;
				GCC_WARN_UNDECLARED_SELECTOR = YES;
				GCC_WARN_UNINITIALIZED_AUTOS = YES_AGGRESSIVE;
				GCC_WARN_UNUSED_FUNCTION = YES;
				GCC_WARN_UNUSED_VARIABLE = YES;
				IPHONEOS_DEPLOYMENT_TARGET = 18.2;
				LOCALIZATION_PREFERS_STRING_CATALOGS = YES;
				MTL_ENABLE_DEBUG_INFO = INCLUDE_SOURCE;
				MTL_FAST_MATH = YES;
				ONLY_ACTIVE_ARCH = YES;
				SDKROOT = iphoneos;
				SWIFT_ACTIVE_COMPILATION_CONDITIONS = "DEBUG $(inherited)";
				SWIFT_OPTIMIZATION_LEVEL = "-Onone";
			};
			name = Debug;
		};
		2AA5258929DD47D7366A9FD7 /* Release */ = {
			isa = XCBuildConfiguration;
			baseConfigurationReferenceAnchor = 9223C7F707DF27CC63F2A485 /* Configuration */;
			baseConfigurationReferenceRelativePath = Config.xcconfig;
			buildSettings = {
				ALWAYS_SEARCH_USER_PATHS = NO;
				ASSETCATALOG_COMPILER_GENERATE_SWIFT_ASSET_SYMBOL_EXTENSIONS = YES;
				CLANG_ANALYZER_NONNULL = YES;
				CLANG_ANALYZER_NUMBER_OBJECT_CONVERSION = YES_AGGRESSIVE;
				CLANG_CXX_LANGUAGE_STANDARD = "gnu++20";
				CLANG_ENABLE_MODULES = YES;
				CLANG_ENABLE_OBJC_ARC = YES;
				CLANG_ENABLE_OBJC_WEAK = YES;
				CLANG_WARN_BLOCK_CAPTURE_AUTORELEASING = YES;
				CLANG_WARN_BOOL_CONVERSION = YES;
				CLANG_WARN_COMMA = YES;
				CLANG_WARN_CONSTANT_CONVERSION = YES;
				CLANG_WARN_DEPRECATED_OBJC_IMPLEMENTATIONS = YES;
				CLANG_WARN_DIRECT_OBJC_ISA_USAGE = YES_ERROR;
				CLANG_WARN_DOCUMENTATION_COMMENTS = YES;
				CLANG_WARN_EMPTY_BODY = YES;
				CLANG_WARN_ENUM_CONVERSION = YES;
				CLANG_WARN_INFINITE_RECURSION = YES;
				CLANG_WARN_INT_CONVERSION = YES;
				CLANG_WARN_NON_LITERAL_NULL_CONVERSION = YES;
				CLANG_WARN_OBJC_IMPLICIT_RETAIN_SELF = YES;
				CLANG_WARN_OBJC_LITERAL_CONVERSION = YES;
				CLANG_WARN_OBJC_ROOT_CLASS = YES_ERROR;
				CLANG_WARN_QUOTED_INCLUDE_IN_FRAMEWORK_HEADER = YES;
				CLANG_WARN_RANGE_LOOP_ANALYSIS = YES;
				CLANG_WARN_STRICT_PROTOTYPES = YES;
				CLANG_WARN_SUSPICIOUS_MOVE = YES;
				CLANG_WARN_UNGUARDED_AVAILABILITY = YES_AGGRESSIVE;
				CLANG_WARN_UNREACHABLE_CODE = YES;
				CLANG_WARN__DUPLICATE_METHOD_MATCH = YES;
				COPY_PHASE_STRIP = NO;
				DEBUG_INFORMATION_FORMAT = "dwarf-with-dsym";
				ENABLE_NS_ASSERTIONS = NO;
				ENABLE_STRICT_OBJC_MSGSEND = YES;
				ENABLE_USER_SCRIPT_SANDBOXING = NO;
				GCC_C_LANGUAGE_STANDARD = gnu17;
				GCC_NO_COMMON_BLOCKS = YES;
				GCC_WARN_64_TO_32_BIT_CONVERSION = YES;
				GCC_WARN_ABOUT_RETURN_TYPE = YES_ERROR;
				GCC_WARN_UNDECLARED_SELECTOR = YES;
				GCC_WARN_UNINITIALIZED_AUTOS = YES_AGGRESSIVE;
				GCC_WARN_UNUSED_FUNCTION = YES;
				GCC_WARN_UNUSED_VARIABLE = YES;
				IPHONEOS_DEPLOYMENT_TARGET = 18.2;
				LOCALIZATION_PREFERS_STRING_CATALOGS = YES;
				MTL_ENABLE_DEBUG_INFO = NO;
				MTL_FAST_MATH = YES;
				SDKROOT = iphoneos;
				SWIFT_COMPILATION_MODE = wholemodule;
				VALIDATE_PRODUCT = YES;
			};
			name = Release;
		};
		790CD3067B56BA29D8AE4243 /* Debug */ = {
			isa = XCBuildConfiguration;
			buildSettings = {
				ARCHS = arm64;
				ASSETCATALOG_COMPILER_APPICON_NAME = AppIcon;
				ASSETCATALOG_COMPILER_GLOBAL_ACCENT_COLOR_NAME = AccentColor;
				CODE_SIGN_ENTITLEMENTS = iosApp/iosApp.entitlements;
				CODE_SIGN_IDENTITY = "Apple Development";
				CODE_SIGN_STYLE = Automatic;
				DEVELOPMENT_ASSET_PATHS = "\"iosApp/Preview Content\"";
				DEVELOPMENT_TEAM = LL88SAYSB7;
				ENABLE_PREVIEWS = YES;
				GENERATE_INFOPLIST_FILE = YES;
				INFOPLIST_FILE = iosApp/Info.plist;
				INFOPLIST_KEY_NSCameraUsageDescription = "";
				INFOPLIST_KEY_UIApplicationSupportsIndirectInputEvents = YES;
				INFOPLIST_KEY_UISupportedInterfaceOrientations_iPad = "UIInterfaceOrientationPortrait UIInterfaceOrientationPortraitUpsideDown UIInterfaceOrientationLandscapeLeft UIInterfaceOrientationLandscapeRight";
				INFOPLIST_KEY_UISupportedInterfaceOrientations_iPhone = "UIInterfaceOrientationPortrait UIInterfaceOrientationLandscapeLeft UIInterfaceOrientationLandscapeRight";
				LD_RUNPATH_SEARCH_PATHS = (
					"$(inherited)",
					"@executable_path/Frameworks",
				);
				SWIFT_EMIT_LOC_STRINGS = YES;
				SWIFT_VERSION = 5.0;
				TARGETED_DEVICE_FAMILY = "1,2";
			};
			name = Debug;
		};
		A21E739C37CAB128A25532A9 /* Release */ = {
			isa = XCBuildConfiguration;
			buildSettings = {
				ARCHS = arm64;
				ASSETCATALOG_COMPILER_APPICON_NAME = AppIcon;
				ASSETCATALOG_COMPILER_GLOBAL_ACCENT_COLOR_NAME = AccentColor;
				CODE_SIGN_ENTITLEMENTS = iosApp/iosApp.entitlements;
				CODE_SIGN_IDENTITY = "Apple Development";
				CODE_SIGN_STYLE = Automatic;
				DEVELOPMENT_ASSET_PATHS = "\"iosApp/Preview Content\"";
				DEVELOPMENT_TEAM = LL88SAYSB7;
				ENABLE_PREVIEWS = YES;
				GENERATE_INFOPLIST_FILE = YES;
				INFOPLIST_FILE = iosApp/Info.plist;
				INFOPLIST_KEY_NSCameraUsageDescription = "";
				INFOPLIST_KEY_UIApplicationSupportsIndirectInputEvents = YES;
				INFOPLIST_KEY_UISupportedInterfaceOrientations_iPad = "UIInterfaceOrientationPortrait UIInterfaceOrientationPortraitUpsideDown UIInterfaceOrientationLandscapeLeft UIInterfaceOrientationLandscapeRight";
				INFOPLIST_KEY_UISupportedInterfaceOrientations_iPhone = "UIInterfaceOrientationPortrait UIInterfaceOrientationLandscapeLeft UIInterfaceOrientationLandscapeRight";
				LD_RUNPATH_SEARCH_PATHS = (
					"$(inherited)",
					"@executable_path/Frameworks",
				);
				SWIFT_EMIT_LOC_STRINGS = YES;
				SWIFT_VERSION = 5.0;
				TARGETED_DEVICE_FAMILY = "1,2";
			};
			name = Release;
		};
/* End XCBuildConfiguration section */

/* Begin XCConfigurationList section */
		6A19D6353FAFE8FC83B63DF8 /* Build configuration list for PBXNativeTarget "iosApp" */ = {
			isa = XCConfigurationList;
			buildConfigurations = (
				790CD3067B56BA29D8AE4243 /* Debug */,
				A21E739C37CAB128A25532A9 /* Release */,
			);
			defaultConfigurationIsVisible = 0;
			defaultConfigurationName = Release;
		};
		B97C762BF28C458BAEF7D3EF /* Build configuration list for PBXProject "iosApp" */ = {
			isa = XCConfigurationList;
			buildConfigurations = (
				17F185507AE85ADA0AE7DF96 /* Debug */,
				2AA5258929DD47D7366A9FD7 /* Release */,
			);
			defaultConfigurationIsVisible = 0;
			defaultConfigurationName = Release;
		};
/* End XCConfigurationList section */

/* Begin XCRemoteSwiftPackageReference section */
		1F8DFE162FBE2177004B551C /* XCRemoteSwiftPackageReference "firebase-ios-sdk" */ = {
			isa = XCRemoteSwiftPackageReference;
			repositoryURL = "https://github.com/firebase/firebase-ios-sdk.git";
			requirement = {
				kind = upToNextMajorVersion;
				minimumVersion = 12.13.0;
			};
		};
/* End XCRemoteSwiftPackageReference section */

/* Begin XCSwiftPackageProductDependency section */
		1F8DFE172FBE2177004B551C /* FirebaseAI */ = {
			isa = XCSwiftPackageProductDependency;
			package = 1F8DFE162FBE2177004B551C /* XCRemoteSwiftPackageReference "firebase-ios-sdk" */;
			productName = FirebaseAI;
		};
		1F8DFE192FBE2177004B551C /* FirebaseAnalytics */ = {
			isa = XCSwiftPackageProductDependency;
			package = 1F8DFE162FBE2177004B551C /* XCRemoteSwiftPackageReference "firebase-ios-sdk" */;
			productName = FirebaseAnalytics;
		};
		1F8DFE1B2FBE2177004B551C /* FirebaseAnalyticsCore */ = {
			isa = XCSwiftPackageProductDependency;
			package = 1F8DFE162FBE2177004B551C /* XCRemoteSwiftPackageReference "firebase-ios-sdk" */;
			productName = FirebaseAnalyticsCore;
		};
		1F8DFE1D2FBE2177004B551C /* FirebaseAppCheck */ = {
			isa = XCSwiftPackageProductDependency;
			package = 1F8DFE162FBE2177004B551C /* XCRemoteSwiftPackageReference "firebase-ios-sdk" */;
			productName = FirebaseAppCheck;
		};
		1F8DFE1F2FBE2177004B551C /* FirebaseAuth */ = {
			isa = XCSwiftPackageProductDependency;
			package = 1F8DFE162FBE2177004B551C /* XCRemoteSwiftPackageReference "firebase-ios-sdk" */;
			productName = FirebaseAuth;
		};
		1F8DFE212FBE2177004B551C /* FirebaseCore */ = {
			isa = XCSwiftPackageProductDependency;
			package = 1F8DFE162FBE2177004B551C /* XCRemoteSwiftPackageReference "firebase-ios-sdk" */;
			productName = FirebaseCore;
		};
		1F8DFE232FBE2177004B551C /* FirebaseCrashlytics */ = {
			isa = XCSwiftPackageProductDependency;
			package = 1F8DFE162FBE2177004B551C /* XCRemoteSwiftPackageReference "firebase-ios-sdk" */;
			productName = FirebaseCrashlytics;
		};
		1F8DFE252FBE2177004B551C /* FirebaseFirestore */ = {
			isa = XCSwiftPackageProductDependency;
			package = 1F8DFE162FBE2177004B551C /* XCRemoteSwiftPackageReference "firebase-ios-sdk" */;
			productName = FirebaseFirestore;
		};
		1F8DFE272FBE2177004B551C /* FirebaseMessaging */ = {
			isa = XCSwiftPackageProductDependency;
			package = 1F8DFE162FBE2177004B551C /* XCRemoteSwiftPackageReference "firebase-ios-sdk" */;
			productName = FirebaseMessaging;
		};
		1F8DFE292FBE2177004B551C /* FirebaseRemoteConfig */ = {
			isa = XCSwiftPackageProductDependency;
			package = 1F8DFE162FBE2177004B551C /* XCRemoteSwiftPackageReference "firebase-ios-sdk" */;
			productName = FirebaseRemoteConfig;
		};
		1F8DFE2B2FBE2177004B551C /* FirebaseStorage */ = {
			isa = XCSwiftPackageProductDependency;
			package = 1F8DFE162FBE2177004B551C /* XCRemoteSwiftPackageReference "firebase-ios-sdk" */;
			productName = FirebaseStorage;
		};
/* End XCSwiftPackageProductDependency section */
	};
	rootObject = 4F0C54C0A1E6462037628846 /* Project object */;
}
